
Microsoft Visual Studio Solution File, Format Version 12.00
# Visual Studio Version 17
VisualStudioVersion = 17.12.35521.163
MinimumVisualStudioVersion = 10.0.40219.1
Project("{FAE04EC0-301F-11D3-BF4B-00C04F79EFBC}") = "Models", "Models\Models.csproj", "{46975188-FC26-474B-AC2F-8AA3CF0AF8DB}"
EndProject
Project("{FAE04EC0-301F-11D3-BF4B-00C04F79EFBC}") = "Back", "DataAccessService\Back.csproj", "{6B611D9D-3084-4103-986D-7E38AB1079E4}"
EndProject
Project("{FAE04EC0-301F-11D3-BF4B-00C04F79EFBC}") = "Front", "PL_BL_Service\Front.csproj", "{99409ADC-79B3-4FBB-860D-B3D83E903662}"
EndProject
Global
	GlobalSection(SolutionConfigurationPlatforms) = preSolution
		Debug|Any CPU = Debug|Any CPU
		Release|Any CPU = Release|Any CPU
	EndGlobalSection
	GlobalSection(ProjectConfigurationPlatforms) = postSolution
		{46975188-FC26-474B-AC2F-8AA3CF0AF8DB}.Debug|Any CPU.ActiveCfg = Debug|Any CPU
		{46975188-FC26-474B-AC2F-8AA3CF0AF8DB}.Debug|Any CPU.Build.0 = Debug|Any CPU
		{46975188-FC26-474B-AC2F-8AA3CF0AF8DB}.Release|Any CPU.ActiveCfg = Release|Any CPU
		{46975188-FC26-474B-AC2F-8AA3CF0AF8DB}.Release|Any CPU.Build.0 = Release|Any CPU
		{6B611D9D-3084-4103-986D-7E38AB1079E4}.Debug|Any CPU.ActiveCfg = Debug|Any CPU
		{6B611D9D-3084-4103-986D-7E38AB1079E4}.Debug|Any CPU.Build.0 = Debug|Any CPU
		{6B611D9D-3084-4103-986D-7E38AB1079E4}.Release|Any CPU.ActiveCfg = Release|Any CPU
		{6B611D9D-3084-4103-986D-7E38AB1079E4}.Release|Any CPU.Build.0 = Release|Any CPU
		{99409ADC-79B3-4FBB-860D-B3D83E903662}.Debug|Any CPU.ActiveCfg = Debug|Any CPU
		{99409ADC-79B3-4FBB-860D-B3D83E903662}.Debug|Any CPU.Build.0 = Debug|Any CPU
		{99409ADC-79B3-4FBB-860D-B3D83E903662}.Release|Any CPU.ActiveCfg = Release|Any CPU
		{99409ADC-79B3-4FBB-860D-B3D83E903662}.Release|Any CPU.Build.0 = Release|Any CPU
	EndGlobalSection
	GlobalSection(SolutionProperties) = preSolution
		HideSolutionNode = FALSE
	EndGlobalSection
EndGlobal
